version: 6
environments:
  default:
    channels:
    - url: https://conda.modular.com/max-nightly/
    - url: https://conda.anaconda.org/conda-forge/
    packages:
      linux-64:
      - conda: https://conda.anaconda.org/conda-forge/linux-64/_libgcc_mutex-0.1-conda_forge.tar.bz2
      - conda: https://conda.anaconda.org/conda-forge/linux-64/_openmp_mutex-4.5-2_gnu.tar.bz2
      - conda: https://conda.anaconda.org/conda-forge/noarch/_python_abi3_support-1.0-hd8ed1ab_2.conda
      - conda: https://conda.anaconda.org/conda-forge/linux-64/bzip2-1.0.8-hda65f42_8.conda
      - conda: https://conda.anaconda.org/conda-forge/noarch/ca-certificates-2025.10.5-hbd8a1cb_0.conda
      - conda: https://conda.anaconda.org/conda-forge/noarch/click-8.3.0-pyh707e725_0.conda
      - conda: https://conda.anaconda.org/conda-forge/noarch/cpython-3.13.7-py313hd8ed1ab_100.conda
      - conda: https://conda.anaconda.org/conda-forge/noarch/importlib-metadata-8.7.0-pyhe01879c_1.conda
      - conda: https://conda.anaconda.org/conda-forge/noarch/jupyter_client-8.6.3-pyhd8ed1ab_1.conda
      - conda: https://conda.anaconda.org/conda-forge/noarch/jupyter_core-5.8.1-pyh31011fe_0.conda
      - conda: https://conda.anaconda.org/conda-forge/linux-64/keyutils-1.6.3-hb9d3cd8_0.conda
      - conda: https://conda.anaconda.org/conda-forge/linux-64/krb5-1.21.3-h659f571_0.conda
      - conda: https://conda.anaconda.org/conda-forge/linux-64/ld_impl_linux-64-2.44-ha97dd6f_2.conda
      - conda: https://conda.anaconda.org/conda-forge/linux-64/libblas-3.9.0-36_h4a7cf45_openblas.conda
      - conda: https://conda.anaconda.org/conda-forge/linux-64/libcblas-3.9.0-36_h0358290_openblas.conda
      - conda: https://conda.anaconda.org/conda-forge/linux-64/libedit-3.1.20250104-pl5321h7949ede_0.conda
      - conda: https://conda.anaconda.org/conda-forge/linux-64/libexpat-2.7.1-hecca717_0.conda
      - conda: https://conda.anaconda.org/conda-forge/linux-64/libffi-3.4.6-h2dba641_1.conda
      - conda: https://conda.anaconda.org/conda-forge/linux-64/libgcc-15.2.0-h767d61c_5.conda
      - conda: https://conda.anaconda.org/conda-forge/linux-64/libgcc-ng-15.2.0-h69a702a_5.conda
      - conda: https://conda.anaconda.org/conda-forge/linux-64/libgfortran-15.2.0-h69a702a_5.conda
      - conda: https://conda.anaconda.org/conda-forge/linux-64/libgfortran5-15.2.0-hcd61629_5.conda
      - conda: https://conda.anaconda.org/conda-forge/linux-64/libgomp-15.2.0-h767d61c_5.conda
      - conda: https://conda.anaconda.org/conda-forge/linux-64/liblapack-3.9.0-36_h47877c9_openblas.conda
      - conda: https://conda.anaconda.org/conda-forge/linux-64/liblzma-5.8.1-hb9d3cd8_2.conda
      - conda: https://conda.anaconda.org/conda-forge/linux-64/libmpdec-4.0.0-hb9d3cd8_0.conda
      - conda: https://conda.anaconda.org/conda-forge/linux-64/libopenblas-0.3.30-pthreads_h94d23a6_2.conda
      - conda: https://conda.anaconda.org/conda-forge/linux-64/libsodium-1.0.20-h4ab18f5_0.conda
      - conda: https://conda.anaconda.org/conda-forge/linux-64/libsqlite-3.50.4-h0c1763c_0.conda
      - conda: https://conda.anaconda.org/conda-forge/linux-64/libstdcxx-15.2.0-h8f9b012_5.conda
      - conda: https://conda.anaconda.org/conda-forge/linux-64/libstdcxx-ng-15.2.0-h4852527_5.conda
      - conda: https://conda.anaconda.org/conda-forge/linux-64/libuuid-2.41.2-he9a06e4_0.conda
      - conda: https://conda.anaconda.org/conda-forge/linux-64/libzlib-1.3.1-hb9d3cd8_2.conda
      - conda: https://conda.modular.com/max-nightly/linux-64/max-25.7.0.dev2025100605-3.13release.conda
      - conda: https://conda.modular.com/max-nightly/linux-64/max-core-25.7.0.dev2025100605-release.conda
      - conda: https://conda.modular.com/max-nightly/noarch/mblack-25.7.0.dev2025100605-release.conda
      - conda: https://conda.modular.com/max-nightly/linux-64/mojo-0.25.7.0.dev2025100605-release.conda
      - conda: https://conda.modular.com/max-nightly/linux-64/mojo-compiler-0.25.7.0.dev2025100605-release.conda
      - conda: https://conda.modular.com/max-nightly/noarch/mojo-python-0.25.7.0.dev2025100605-release.conda
      - conda: https://conda.anaconda.org/conda-forge/noarch/mypy_extensions-1.1.0-pyha770c72_0.conda
      - conda: https://conda.anaconda.org/conda-forge/linux-64/ncurses-6.5-h2d0b736_3.conda
      - conda: https://conda.anaconda.org/conda-forge/linux-64/numpy-2.3.3-py313hf6604e3_0.conda
      - conda: https://conda.anaconda.org/conda-forge/linux-64/openssl-3.5.4-h26f9b46_0.conda
      - conda: https://conda.anaconda.org/conda-forge/noarch/packaging-25.0-pyh29332c3_1.conda
      - conda: https://conda.anaconda.org/conda-forge/noarch/pathspec-0.12.1-pyhd8ed1ab_1.conda
      - conda: https://conda.anaconda.org/conda-forge/noarch/platformdirs-4.4.0-pyhcf101f3_0.conda
      - conda: https://conda.anaconda.org/conda-forge/linux-64/python-3.13.7-h2b335a9_100_cp313.conda
      - conda: https://conda.anaconda.org/conda-forge/noarch/python-dateutil-2.9.0.post0-pyhe01879c_2.conda
      - conda: https://conda.anaconda.org/conda-forge/noarch/python-gil-3.13.7-h4df99d1_100.conda
      - conda: https://conda.anaconda.org/conda-forge/noarch/python_abi-3.13-8_cp313.conda
      - conda: https://conda.anaconda.org/conda-forge/linux-64/pyzmq-27.1.0-py312hfb55c3c_0.conda
      - conda: https://conda.anaconda.org/conda-forge/linux-64/readline-8.2-h8c095d6_2.conda
      - conda: https://conda.anaconda.org/conda-forge/noarch/six-1.17.0-pyhe01879c_1.conda
      - conda: https://conda.anaconda.org/conda-forge/linux-64/tk-8.6.13-noxft_hd72426e_102.conda
      - conda: https://conda.anaconda.org/conda-forge/noarch/tomli-2.2.1-pyhe01879c_2.conda
      - conda: https://conda.anaconda.org/conda-forge/linux-64/tornado-6.5.2-py313h07c4f96_1.conda
      - conda: https://conda.anaconda.org/conda-forge/noarch/traitlets-5.14.3-pyhd8ed1ab_1.conda
      - conda: https://conda.anaconda.org/conda-forge/noarch/typing-extensions-4.15.0-h396c80c_0.conda
      - conda: https://conda.anaconda.org/conda-forge/noarch/typing_extensions-4.15.0-pyhcf101f3_0.conda
      - conda: https://conda.anaconda.org/conda-forge/noarch/tzdata-2025b-h78e105d_0.conda
      - conda: https://conda.anaconda.org/conda-forge/linux-64/zeromq-4.3.5-h387f397_9.conda
      - conda: https://conda.anaconda.org/conda-forge/noarch/zipp-3.23.0-pyhd8ed1ab_0.conda
packages:
- conda: https://conda.anaconda.org/conda-forge/linux-64/_libgcc_mutex-0.1-conda_forge.tar.bz2
  sha256: fe51de6107f9edc7aa4f786a70f4a883943bc9d39b3bb7307c04c41410990726
  md5: d7c89558ba9fa0495403155b64376d81
  license: None
  size: 2562
  timestamp: 1578324546067
- conda: https://conda.anaconda.org/conda-forge/linux-64/_openmp_mutex-4.5-2_gnu.tar.bz2
  build_number: 16
  sha256: fbe2c5e56a653bebb982eda4876a9178aedfc2b545f25d0ce9c4c0b508253d22
  md5: 73aaf86a425cc6e73fcf236a5a46396d
  depends:
  - _libgcc_mutex 0.1 conda_forge
  - libgomp >=7.5.0
  constrains:
  - openmp_impl 9999
  license: BSD-3-Clause
  license_family: BSD
  size: 23621
  timestamp: 1650670423406
- conda: https://conda.anaconda.org/conda-forge/noarch/_python_abi3_support-1.0-hd8ed1ab_2.conda
  sha256: a3967b937b9abf0f2a99f3173fa4630293979bd1644709d89580e7c62a544661
  md5: aaa2a381ccc56eac91d63b6c1240312f
  depends:
  - cpython
  - python-gil
  license: MIT
  license_family: MIT
  size: 8191
  timestamp: 1744137672556
- conda: https://conda.anaconda.org/conda-forge/linux-64/bzip2-1.0.8-hda65f42_8.conda
  sha256: c30daba32ddebbb7ded490f0e371eae90f51e72db620554089103b4a6934b0d5
  md5: 51a19bba1b8ebfb60df25cde030b7ebc
  depends:
  - __glibc >=2.17,<3.0.a0
  - libgcc >=14
  license: bzip2-1.0.6
  license_family: BSD
  size: 260341
  timestamp: 1757437258798
- conda: https://conda.anaconda.org/conda-forge/noarch/ca-certificates-2025.10.5-hbd8a1cb_0.conda
  sha256: 3b5ad78b8bb61b6cdc0978a6a99f8dfb2cc789a451378d054698441005ecbdb6
  md5: f9e5fbc24009179e8b0409624691758a
  depends:
  - __unix
  license: ISC
  size: 155907
  timestamp: 1759649036195
- conda: https://conda.anaconda.org/conda-forge/noarch/click-8.3.0-pyh707e725_0.conda
  sha256: c6567ebc27c4c071a353acaf93eb82bb6d9a6961e40692a359045a89a61d02c0
  md5: e76c4ba9e1837847679421b8d549b784
  depends:
  - __unix
  - python >=3.10
  license: BSD-3-Clause
  license_family: BSD
  size: 91622
  timestamp: 1758270534287
- conda: https://conda.anaconda.org/conda-forge/noarch/cpython-3.13.7-py313hd8ed1ab_100.conda
  noarch: generic
  sha256: e9ac20662d1c97ef96e44751a78c0057ec308f7cc208ef1fbdc868993c9f5eb3
  md5: c5623ddbd37c5dafa7754a83f97de01e
  depends:
  - python >=3.13,<3.14.0a0
  - python_abi * *_cp313
  license: Python-2.0
  size: 48174
  timestamp: 1756909387263
- conda: https://conda.anaconda.org/conda-forge/noarch/importlib-metadata-8.7.0-pyhe01879c_1.conda
  sha256: c18ab120a0613ada4391b15981d86ff777b5690ca461ea7e9e49531e8f374745
  md5: 63ccfdc3a3ce25b027b8767eb722fca8
  depends:
  - python >=3.9
  - zipp >=3.20
  - python
  license: Apache-2.0
  license_family: APACHE
  size: 34641
  timestamp: 1747934053147
- conda: https://conda.anaconda.org/conda-forge/noarch/jupyter_client-8.6.3-pyhd8ed1ab_1.conda
  sha256: 19d8bd5bb2fde910ec59e081eeb59529491995ce0d653a5209366611023a0b3a
  md5: 4ebae00eae9705b0c3d6d1018a81d047
  depends:
  - importlib-metadata >=4.8.3
  - jupyter_core >=4.12,!=5.0.*
  - python >=3.9
  - python-dateutil >=2.8.2
  - pyzmq >=23.0
  - tornado >=6.2
  - traitlets >=5.3
  license: BSD-3-Clause
  license_family: BSD
  size: 106342
  timestamp: 1733441040958
- conda: https://conda.anaconda.org/conda-forge/noarch/jupyter_core-5.8.1-pyh31011fe_0.conda
  sha256: 56a7a7e907f15cca8c4f9b0c99488276d4cb10821d2d15df9245662184872e81
  md5: b7d89d860ebcda28a5303526cdee68ab
  depends:
  - __unix
  - platformdirs >=2.5
  - python >=3.8
  - traitlets >=5.3
  license: BSD-3-Clause
  license_family: BSD
  size: 59562
  timestamp: 1748333186063
- conda: https://conda.anaconda.org/conda-forge/linux-64/keyutils-1.6.3-hb9d3cd8_0.conda
  sha256: 0960d06048a7185d3542d850986d807c6e37ca2e644342dd0c72feefcf26c2a4
  md5: b38117a3c920364aff79f870c984b4a3
  depends:
  - __glibc >=2.17,<3.0.a0
  - libgcc >=13
  license: LGPL-2.1-or-later
  size: 134088
  timestamp: 1754905959823
- conda: https://conda.anaconda.org/conda-forge/linux-64/krb5-1.21.3-h659f571_0.conda
  sha256: 99df692f7a8a5c27cd14b5fb1374ee55e756631b9c3d659ed3ee60830249b238
  md5: 3f43953b7d3fb3aaa1d0d0723d91e368
  depends:
  - keyutils >=1.6.1,<2.0a0
  - libedit >=3.1.20191231,<3.2.0a0
  - libedit >=3.1.20191231,<4.0a0
  - libgcc-ng >=12
  - libstdcxx-ng >=12
  - openssl >=3.3.1,<4.0a0
  license: MIT
  license_family: MIT
  size: 1370023
  timestamp: 1719463201255
- conda: https://conda.anaconda.org/conda-forge/linux-64/ld_impl_linux-64-2.44-ha97dd6f_2.conda
  sha256: 707dfb8d55d7a5c6f95c772d778ef07a7ca85417d9971796f7d3daad0b615de8
  md5: 14bae321b8127b63cba276bd53fac237
  depends:
  - __glibc >=2.17,<3.0.a0
  constrains:
  - binutils_impl_linux-64 2.44
  license: GPL-3.0-only
  license_family: GPL
  size: 747158
  timestamp: 1758810907507
- conda: https://conda.anaconda.org/conda-forge/linux-64/libblas-3.9.0-36_h4a7cf45_openblas.conda
  build_number: 36
  sha256: a1670eb8c9293f37a245e313bd9d72a301c79e8668a6a5d418c90335719fbaff
  md5: 2a6122504dc8ea139337046d34a110cb
  depends:
  - libopenblas >=0.3.30,<0.3.31.0a0
  - libopenblas >=0.3.30,<1.0a0
  constrains:
  - liblapacke 3.9.0   36*_openblas
  - blas 2.136   openblas
  - liblapack  3.9.0   36*_openblas
  - mkl <2025
  - libcblas   3.9.0   36*_openblas
  license: BSD-3-Clause
  license_family: BSD
  size: 17421
  timestamp: 1758396490057
- conda: https://conda.anaconda.org/conda-forge/linux-64/libcblas-3.9.0-36_h0358290_openblas.conda
  build_number: 36
  sha256: 45110023d1661062288168c6ee01510bcb472ba2f5184492acdcdd3d1af9b58d
  md5: 13a3fe5f9812ac8c5710ef8c03105121
  depends:
  - libblas 3.9.0 36_h4a7cf45_openblas
  constrains:
  - liblapacke 3.9.0   36*_openblas
  - blas 2.136   openblas
  - liblapack  3.9.0   36*_openblas
  license: BSD-3-Clause
  license_family: BSD
  size: 17401
  timestamp: 1758396499759
- conda: https://conda.anaconda.org/conda-forge/linux-64/libedit-3.1.20250104-pl5321h7949ede_0.conda
  sha256: d789471216e7aba3c184cd054ed61ce3f6dac6f87a50ec69291b9297f8c18724
  md5: c277e0a4d549b03ac1e9d6cbbe3d017b
  depends:
  - ncurses
  - __glibc >=2.17,<3.0.a0
  - libgcc >=13
  - ncurses >=6.5,<7.0a0
  license: BSD-2-Clause
  license_family: BSD
  size: 134676
  timestamp: 1738479519902
- conda: https://conda.anaconda.org/conda-forge/linux-64/libexpat-2.7.1-hecca717_0.conda
  sha256: da2080da8f0288b95dd86765c801c6e166c4619b910b11f9a8446fb852438dc2
  md5: 4211416ecba1866fab0c6470986c22d6
  depends:
  - __glibc >=2.17,<3.0.a0
  - libgcc >=14
  constrains:
  - expat 2.7.1.*
  license: MIT
  license_family: MIT
  size: 74811
  timestamp: 1752719572741
- conda: https://conda.anaconda.org/conda-forge/linux-64/libffi-3.4.6-h2dba641_1.conda
  sha256: 764432d32db45466e87f10621db5b74363a9f847d2b8b1f9743746cd160f06ab
  md5: ede4673863426c0883c0063d853bbd85
  depends:
  - __glibc >=2.17,<3.0.a0
  - libgcc >=13
  license: MIT
  license_family: MIT
  size: 57433
  timestamp: 1743434498161
- conda: https://conda.anaconda.org/conda-forge/linux-64/libgcc-15.2.0-h767d61c_5.conda
  sha256: cf6c34d2c024f1a28ad48f9a352ffbed5dfd0767be0fae50c4ccaa96f2538116
  md5: 67b79092aee4aa9705e4febdf3b73808
  depends:
  - __glibc >=2.17,<3.0.a0
  - _openmp_mutex >=4.5
  constrains:
  - libgomp 15.2.0 h767d61c_5
  - libgcc-ng ==15.2.0=*_5
  license: GPL-3.0-only WITH GCC-exception-3.1
  size: 822400
  timestamp: 1759682592694
- conda: https://conda.anaconda.org/conda-forge/linux-64/libgcc-ng-15.2.0-h69a702a_5.conda
  sha256: ca3f87dcd3fe1a3f82f52bae1f09f75d29cb399825d636befdb5be91ff624fa9
  md5: e0b75800b155ea7af9740beb1efa97c4
  depends:
  - libgcc 15.2.0 h767d61c_5
  license: GPL-3.0-only WITH GCC-exception-3.1
  size: 29305
  timestamp: 1759682602078
- conda: https://conda.anaconda.org/conda-forge/linux-64/libgfortran-15.2.0-h69a702a_5.conda
  sha256: 8c4310fb4819362e21d1c4808f9e89254646a16bb97df77502e2ab978e5e9149
  md5: b6683cec57969bc26f813252482d323b
  depends:
  - libgfortran5 15.2.0 hcd61629_5
  constrains:
  - libgfortran-ng ==15.2.0=*_5
  license: GPL-3.0-only WITH GCC-exception-3.1
  size: 29260
  timestamp: 1759682636685
- conda: https://conda.anaconda.org/conda-forge/linux-64/libgfortran5-15.2.0-hcd61629_5.conda
  sha256: 5ca0123f95c095521222a2378d931a9145eb89cb99aa34e0f496581774821cb0
  md5: dd6b1ea02e2e7dc42b06d16d946c7fb1
  depends:
  - __glibc >=2.17,<3.0.a0
  - libgcc >=15.2.0
  constrains:
  - libgfortran 15.2.0
  license: GPL-3.0-only WITH GCC-exception-3.1
  size: 1572668
  timestamp: 1759682614775
- conda: https://conda.anaconda.org/conda-forge/linux-64/libgomp-15.2.0-h767d61c_5.conda
  sha256: 1ceeacb18c2b5f93361387909d5bff7c2c67734dd85229405ab102d252e083ef
  md5: 2cf9c351b3c581dcb4d7368fee0aca94
  depends:
  - __glibc >=2.17,<3.0.a0
  license: GPL-3.0-only WITH GCC-exception-3.1
  size: 448982
  timestamp: 1759682511761
- conda: https://conda.anaconda.org/conda-forge/linux-64/liblapack-3.9.0-36_h47877c9_openblas.conda
  build_number: 36
  sha256: 1bbd142b34dfc8cb55e1e37c00e78ebba909542ac1054d22fc54843a94797337
  md5: 55daaac7ecf8ebd169cdbe34dc79549e
  depends:
  - libblas 3.9.0 36_h4a7cf45_openblas
  constrains:
  - liblapacke 3.9.0   36*_openblas
  - libcblas   3.9.0   36*_openblas
  - blas 2.136   openblas
  license: BSD-3-Clause
  license_family: BSD
  size: 17409
  timestamp: 1758396509549
- conda: https://conda.anaconda.org/conda-forge/linux-64/liblzma-5.8.1-hb9d3cd8_2.conda
  sha256: f2591c0069447bbe28d4d696b7fcb0c5bd0b4ac582769b89addbcf26fb3430d8
  md5: 1a580f7796c7bf6393fddb8bbbde58dc
  depends:
  - __glibc >=2.17,<3.0.a0
  - libgcc >=13
  constrains:
  - xz 5.8.1.*
  license: 0BSD
  size: 112894
  timestamp: 1749230047870
- conda: https://conda.anaconda.org/conda-forge/linux-64/libmpdec-4.0.0-hb9d3cd8_0.conda
  sha256: 3aa92d4074d4063f2a162cd8ecb45dccac93e543e565c01a787e16a43501f7ee
  md5: c7e925f37e3b40d893459e625f6a53f1
  depends:
  - __glibc >=2.17,<3.0.a0
  - libgcc >=13
  license: BSD-2-Clause
  license_family: BSD
  size: 91183
  timestamp: 1748393666725
- conda: https://conda.anaconda.org/conda-forge/linux-64/libopenblas-0.3.30-pthreads_h94d23a6_2.conda
  sha256: 1b51d1f96e751dc945cc06f79caa91833b0c3326efe24e9b506bd64ef49fc9b0
  md5: dfc5aae7b043d9f56ba99514d5e60625
  depends:
  - __glibc >=2.17,<3.0.a0
  - libgcc >=14
  - libgfortran
  - libgfortran5 >=14.3.0
  constrains:
  - openblas >=0.3.30,<0.3.31.0a0
  license: BSD-3-Clause
  license_family: BSD
  size: 5938936
  timestamp: 1755474342204
- conda: https://conda.anaconda.org/conda-forge/linux-64/libsodium-1.0.20-h4ab18f5_0.conda
  sha256: 0105bd108f19ea8e6a78d2d994a6d4a8db16d19a41212070d2d1d48a63c34161
  md5: a587892d3c13b6621a6091be690dbca2
  depends:
  - libgcc-ng >=12
  license: ISC
  size: 205978
  timestamp: 1716828628198
- conda: https://conda.anaconda.org/conda-forge/linux-64/libsqlite-3.50.4-h0c1763c_0.conda
  sha256: 6d9c32fc369af5a84875725f7ddfbfc2ace795c28f246dc70055a79f9b2003da
  md5: 0b367fad34931cb79e0d6b7e5c06bb1c
  depends:
  - __glibc >=2.17,<3.0.a0
  - libgcc >=14
  - libzlib >=1.3.1,<2.0a0
  license: blessing
  size: 932581
  timestamp: 1753948484112
- conda: https://conda.anaconda.org/conda-forge/linux-64/libstdcxx-15.2.0-h8f9b012_5.conda
  sha256: 803eb5a488314b5e127f014001279795ad0e9a2a096f4a0c84d20bc543109104
  md5: 5dd6bd4f77a17945d5b6054155836a14
  depends:
  - __glibc >=2.17,<3.0.a0
  - libgcc 15.2.0 h767d61c_5
  license: GPL-3.0-only WITH GCC-exception-3.1
  size: 3897513
  timestamp: 1759682630586
- conda: https://conda.anaconda.org/conda-forge/linux-64/libstdcxx-ng-15.2.0-h4852527_5.conda
  sha256: 8a176713fe3bd9c620ec2adf47040fc53cbebacc98c338c3fc1aaa5816764063
  md5: ca44d750b5f9add2716ad342be3ad7a3
  depends:
  - libstdcxx 15.2.0 h8f9b012_5
  license: GPL-3.0-only WITH GCC-exception-3.1
  size: 29339
  timestamp: 1759682673925
- conda: https://conda.anaconda.org/conda-forge/linux-64/libuuid-2.41.2-he9a06e4_0.conda
  sha256: e5ec6d2ad7eef538ddcb9ea62ad4346fde70a4736342c4ad87bd713641eb9808
  md5: 80c07c68d2f6870250959dcc95b209d1
  depends:
  - __glibc >=2.17,<3.0.a0
  - libgcc >=14
  license: BSD-3-Clause
  license_family: BSD
  size: 37135
  timestamp: 1758626800002
- conda: https://conda.anaconda.org/conda-forge/linux-64/libzlib-1.3.1-hb9d3cd8_2.conda
  sha256: d4bfe88d7cb447768e31650f06257995601f89076080e76df55e3112d4e47dc4
  md5: edb0dca6bc32e4f4789199455a1dbeb8
  depends:
  - __glibc >=2.17,<3.0.a0
  - libgcc >=13
  constrains:
  - zlib 1.3.1 *_2
  license: Zlib
  license_family: Other
  size: 60963
  timestamp: 1727963148474
- conda: https://conda.modular.com/max-nightly/linux-64/max-25.7.0.dev2025100605-3.13release.conda
  sha256: 52a41dbb00081d317cdfd1f5a542249cbfcd9faa5700a182229cddeedb1e851c
  depends:
  - numpy >=1.18
  - typing-extensions >=4.12.2
  - python-gil
  - max-core ==25.7.0.dev2025100605 release
  - python_abi 3.13.* *_cp313
  constrains:
  - click >=8.0.0
  - gguf >=0.17.1
  - hf-transfer >=0.1.9
  - huggingface_hub >=0.28.0
  - jinja2 >=3.1.6
  - llguidance >=1.0.1
  - pillow >=11.0.0
  - psutil >=6.1.1
  - requests >=2.32.3
  - rich >=13.0.1
  - sentencepiece >=0.2.0
  - tqdm >=4.67.1
  - transformers >=4.55.0
  - uvicorn >=0.34.0
  - uvloop >=0.21.0
  - aiofiles >=24.1.0
  - asgiref >=3.8.1
  - fastapi >=0.115.3
  - grpcio >=1.68.0
  - httpx >=0.28.1,<0.29
  - msgspec >=0.19.0
  - opentelemetry-api >=1.29.0
  - opentelemetry-exporter-otlp-proto-http >=1.27.0
  - opentelemetry-exporter-prometheus >=0.50b0
  - opentelemetry-sdk >=1.29.0,<1.36.0
  - prometheus_client >=0.21.0
  - protobuf >=6.31.1,<6.32.0
  - pydantic-settings >=2.7.1
  - pydantic
  - pyinstrument >=5.0.1
  - python-json-logger >=2.0.7
  - pyzmq >=26.3.0
  - regex >=2024.11.6
  - scipy >=1.13.0
  - sse-starlette >=2.1.2
  - starlette >=0.47.2
  - taskgroup >=0.2.2
  - tokenizers >=0.19.0
  license: LicenseRef-Modular-Proprietary
  size: 6378923
  timestamp: 1759728074094
- conda: https://conda.modular.com/max-nightly/linux-64/max-core-25.7.0.dev2025100605-release.conda
  sha256: 5299eb4c6d66cb98ab2b7140808bb14887f55d81b29992abbe6aab727ee6fa07
  depends:
  - mojo-compiler ==0.25.7.0.dev2025100605 release
  license: LicenseRef-Modular-Proprietary
  size: 74420601
  timestamp: 1759728074093
- conda: https://conda.modular.com/max-nightly/noarch/mblack-25.7.0.dev2025100605-release.conda
  noarch: python
  sha256: 5da87b1f255ca0d0b7f45729fd5d99bc40717c6c63f9720f195c651faab16ab8
  depends:
  - python >=3.9
  - click >=8.0.0
  - mypy_extensions >=0.4.3
  - packaging >=22.0
  - pathspec >=0.9.0
  - platformdirs >=2
  - tomli >=1.1.0
  - typing_extensions >=v4.12.2
  - python
  license: MIT
  size: 131934
  timestamp: 1759728008233
- conda: https://conda.modular.com/max-nightly/linux-64/mojo-0.25.7.0.dev2025100605-release.conda
  sha256: 3ad8e67347764c03e48c12ad717cfd8709b5495e71a0f651c2e3166d64e85ce2
  depends:
  - python >=3.9
  - mojo-compiler ==0.25.7.0.dev2025100605 release
  - mblack ==25.7.0.dev2025100605 release
  - jupyter_client >=8.6.2,<8.7
  license: LicenseRef-Modular-Proprietary
  size: 91218100
  timestamp: 1759728074093
- conda: https://conda.modular.com/max-nightly/linux-64/mojo-compiler-0.25.7.0.dev2025100605-release.conda
  sha256: eeaea1ae5fd8266108d5373b0d7102593006d8f7f6d1e5a05714e63e2954c7f5
  depends:
  - mojo-python ==0.25.7.0.dev2025100605 release
  license: LicenseRef-Modular-Proprietary
  size: 87867000
  timestamp: 1759728074093
- conda: https://conda.modular.com/max-nightly/noarch/mojo-python-0.25.7.0.dev2025100605-release.conda
  noarch: python
  sha256: b08e67ee0965f306f6f5fabe883ecacb562036c3f2860b10922964f551ae6b12
  depends:
  - python
  license: LicenseRef-Modular-Proprietary
  size: 17988
  timestamp: 1759728008233
- conda: https://conda.anaconda.org/conda-forge/noarch/mypy_extensions-1.1.0-pyha770c72_0.conda
  sha256: 6ed158e4e5dd8f6a10ad9e525631e35cee8557718f83de7a4e3966b1f772c4b1
  md5: e9c622e0d00fa24a6292279af3ab6d06
  depends:
  - python >=3.9
  license: MIT
  license_family: MIT
  size: 11766
  timestamp: 1745776666688
- conda: https://conda.anaconda.org/conda-forge/linux-64/ncurses-6.5-h2d0b736_3.conda
  sha256: 3fde293232fa3fca98635e1167de6b7c7fda83caf24b9d6c91ec9eefb4f4d586
  md5: 47e340acb35de30501a76c7c799c41d7
  depends:
  - __glibc >=2.17,<3.0.a0
  - libgcc >=13
  license: X11 AND BSD-3-Clause
  size: 891641
  timestamp: 1738195959188
- conda: https://conda.anaconda.org/conda-forge/linux-64/numpy-2.3.3-py313hf6604e3_0.conda
  sha256: 88d45c6dbedabbc8ebb19555bb3d04b5e2846ae8a7dfc2c0204b54f5f6efaef7
  md5: 3122d20dc438287e125fb5acff1df170
  depends:
  - python
  - libgcc >=14
  - libstdcxx >=14
  - libgcc >=14
  - __glibc >=2.17,<3.0.a0
  - liblapack >=3.9.0,<4.0a0
  - libblas >=3.9.0,<4.0a0
  - python_abi 3.13.* *_cp313
  - libcblas >=3.9.0,<4.0a0
  constrains:
  - numpy-base <0a0
  license: BSD-3-Clause
  license_family: BSD
  size: 8888776
  timestamp: 1757505485589
- conda: https://conda.anaconda.org/conda-forge/linux-64/openssl-3.5.4-h26f9b46_0.conda
  sha256: e807f3bad09bdf4075dbb4168619e14b0c0360bacb2e12ef18641a834c8c5549
  md5: 14edad12b59ccbfa3910d42c72adc2a0
  depends:
  - __glibc >=2.17,<3.0.a0
  - ca-certificates
  - libgcc >=14
  license: Apache-2.0
  license_family: Apache
  size: 3119624
  timestamp: 1759324353651
- conda: https://conda.anaconda.org/conda-forge/noarch/packaging-25.0-pyh29332c3_1.conda
  sha256: 289861ed0c13a15d7bbb408796af4de72c2fe67e2bcb0de98f4c3fce259d7991
  md5: 58335b26c38bf4a20f399384c33cbcf9
  depends:
  - python >=3.8
  - python
  license: Apache-2.0
  license_family: APACHE
  size: 62477
  timestamp: 1745345660407
- conda: https://conda.anaconda.org/conda-forge/noarch/pathspec-0.12.1-pyhd8ed1ab_1.conda
  sha256: 9f64009cdf5b8e529995f18e03665b03f5d07c0b17445b8badef45bde76249ee
  md5: 617f15191456cc6a13db418a275435e5
  depends:
  - python >=3.9
  license: MPL-2.0
  license_family: MOZILLA
  size: 41075
  timestamp: 1733233471940
- conda: https://conda.anaconda.org/conda-forge/noarch/platformdirs-4.4.0-pyhcf101f3_0.conda
  sha256: dfe0fa6e351d2b0cef95ac1a1533d4f960d3992f9e0f82aeb5ec3623a699896b
  md5: cc9d9a3929503785403dbfad9f707145
  depends:
  - python >=3.10
  - python
  license: MIT
  license_family: MIT
  size: 23653
  timestamp: 1756227402815
- conda: https://conda.anaconda.org/conda-forge/linux-64/python-3.13.7-h2b335a9_100_cp313.conda
  build_number: 100
  sha256: 16cc30a5854f31ca6c3688337d34e37a79cdc518a06375fe3482ea8e2d6b34c8
  md5: 724dcf9960e933838247971da07fe5cf
  depends:
  - __glibc >=2.17,<3.0.a0
  - bzip2 >=1.0.8,<2.0a0
  - ld_impl_linux-64 >=2.36.1
  - libexpat >=2.7.1,<3.0a0
  - libffi >=3.4.6,<3.5.0a0
  - libgcc >=14
  - liblzma >=5.8.1,<6.0a0
  - libmpdec >=4.0.0,<5.0a0
  - libsqlite >=3.50.4,<4.0a0
  - libuuid >=2.38.1,<3.0a0
  - libzlib >=1.3.1,<2.0a0
  - ncurses >=6.5,<7.0a0
  - openssl >=3.5.2,<4.0a0
  - python_abi 3.13.* *_cp313
  - readline >=8.2,<9.0a0
  - tk >=8.6.13,<8.7.0a0
  - tzdata
  license: Python-2.0
  size: 33583088
  timestamp: 1756911465277
  python_site_packages_path: lib/python3.13/site-packages
- conda: https://conda.anaconda.org/conda-forge/noarch/python-dateutil-2.9.0.post0-pyhe01879c_2.conda
  sha256: d6a17ece93bbd5139e02d2bd7dbfa80bee1a4261dced63f65f679121686bf664
  md5: 5b8d21249ff20967101ffa321cab24e8
  depends:
  - python >=3.9
  - six >=1.5
  - python
  license: Apache-2.0
  license_family: APACHE
  size: 233310
  timestamp: 1751104122689
- conda: https://conda.anaconda.org/conda-forge/noarch/python-gil-3.13.7-h4df99d1_100.conda
  sha256: 109794a80cf31450903522e2613b6d760ae4655e65d6fff68467934fbe297ea1
  md5: 47a123ca8e727d886a2c6d0c71658f8c
  depends:
  - cpython 3.13.7.*
  - python_abi * *_cp313
  license: Python-2.0
  size: 48178
  timestamp: 1756909461701
- conda: https://conda.anaconda.org/conda-forge/noarch/python_abi-3.13-8_cp313.conda
  build_number: 8
  sha256: 210bffe7b121e651419cb196a2a63687b087497595c9be9d20ebe97dd06060a7
  md5: 94305520c52a4aa3f6c2b1ff6008d9f8
  constrains:
  - python 3.13.* *_cp313
  license: BSD-3-Clause
  license_family: BSD
  size: 7002
  timestamp: 1752805902938
- conda: https://conda.anaconda.org/conda-forge/linux-64/pyzmq-27.1.0-py312hfb55c3c_0.conda
  noarch: python
  sha256: a00a41b66c12d9c60e66b391e9a4832b7e28743348cf4b48b410b91927cd7819
  md5: 3399d43f564c905250c1aea268ebb935
  depends:
  - python
  - __glibc >=2.17,<3.0.a0
  - libstdcxx >=14
  - libgcc >=14
  - _python_abi3_support 1.*
  - cpython >=3.12
  - zeromq >=4.3.5,<4.4.0a0
  license: BSD-3-Clause
  license_family: BSD
  size: 212218
  timestamp: 1757387023399
- conda: https://conda.anaconda.org/conda-forge/linux-64/readline-8.2-h8c095d6_2.conda
  sha256: 2d6d0c026902561ed77cd646b5021aef2d4db22e57a5b0178dfc669231e06d2c
  md5: 283b96675859b20a825f8fa30f311446
  depends:
  - libgcc >=13
  - ncurses >=6.5,<7.0a0
  license: GPL-3.0-only
  license_family: GPL
  size: 282480
  timestamp: 1740379431762
- conda: https://conda.anaconda.org/conda-forge/noarch/six-1.17.0-pyhe01879c_1.conda
  sha256: 458227f759d5e3fcec5d9b7acce54e10c9e1f4f4b7ec978f3bfd54ce4ee9853d
  md5: 3339e3b65d58accf4ca4fb8748ab16b3
  depends:
  - python >=3.9
  - python
  license: MIT
  license_family: MIT
  size: 18455
  timestamp: 1753199211006
- conda: https://conda.anaconda.org/conda-forge/linux-64/tk-8.6.13-noxft_hd72426e_102.conda
  sha256: a84ff687119e6d8752346d1d408d5cf360dee0badd487a472aa8ddedfdc219e1
  md5: a0116df4f4ed05c303811a837d5b39d8
  depends:
  - __glibc >=2.17,<3.0.a0
  - libgcc >=13
  - libzlib >=1.3.1,<2.0a0
  license: TCL
  license_family: BSD
  size: 3285204
  timestamp: 1748387766691
- conda: https://conda.anaconda.org/conda-forge/noarch/tomli-2.2.1-pyhe01879c_2.conda
  sha256: 040a5a05c487647c089ad5e05ad5aff5942830db2a4e656f1e300d73436436f1
  md5: 30a0a26c8abccf4b7991d590fe17c699
  depends:
  - python >=3.9
  - python
  license: MIT
  license_family: MIT
  size: 21238
  timestamp: 1753796677376
- conda: https://conda.anaconda.org/conda-forge/linux-64/tornado-6.5.2-py313h07c4f96_1.conda
  sha256: c8bfe883aa2d5b59cb1d962729a12b3191518f7decbe9e3505c2aacccb218692
  md5: 45821154b9cb2fb63c2b354c76086954
  depends:
  - __glibc >=2.17,<3.0.a0
  - libgcc >=14
  - python >=3.13,<3.14.0a0
  - python_abi 3.13.* *_cp313
  license: Apache-2.0
  license_family: Apache
  size: 877215
  timestamp: 1756855010312
- conda: https://conda.anaconda.org/conda-forge/noarch/traitlets-5.14.3-pyhd8ed1ab_1.conda
  sha256: f39a5620c6e8e9e98357507262a7869de2ae8cc07da8b7f84e517c9fd6c2b959
  md5: 019a7385be9af33791c989871317e1ed
  depends:
  - python >=3.9
  license: BSD-3-Clause
  license_family: BSD
  size: 110051
  timestamp: 1733367480074
- conda: https://conda.anaconda.org/conda-forge/noarch/typing-extensions-4.15.0-h396c80c_0.conda
  sha256: 7c2df5721c742c2a47b2c8f960e718c930031663ac1174da67c1ed5999f7938c
  md5: edd329d7d3a4ab45dcf905899a7a6115
  depends:
  - typing_extensions ==4.15.0 pyhcf101f3_0
  license: PSF-2.0
  license_family: PSF
  size: 91383
  timestamp: 1756220668932
- conda: https://conda.anaconda.org/conda-forge/noarch/typing_extensions-4.15.0-pyhcf101f3_0.conda
  sha256: 032271135bca55aeb156cee361c81350c6f3fb203f57d024d7e5a1fc9ef18731
  md5: 0caa1af407ecff61170c9437a808404d
  depends:
  - python >=3.10
  - python
  license: PSF-2.0
  license_family: PSF
  size: 51692
  timestamp: 1756220668932
- conda: https://conda.anaconda.org/conda-forge/noarch/tzdata-2025b-h78e105d_0.conda
  sha256: 5aaa366385d716557e365f0a4e9c3fca43ba196872abbbe3d56bb610d131e192
  md5: 4222072737ccff51314b5ece9c7d6f5a
  license: LicenseRef-Public-Domain
  size: 122968
  timestamp: 1742727099393
- conda: https://conda.anaconda.org/conda-forge/linux-64/zeromq-4.3.5-h387f397_9.conda
  sha256: 47cfe31255b91b4a6fa0e9dbaf26baa60ac97e033402dbc8b90ba5fee5ffe184
  md5: 8035e5b54c08429354d5d64027041cad
  depends:
  - libstdcxx >=14
  - libgcc >=14
  - __glibc >=2.17,<3.0.a0
  - libgcc >=14
  - libsodium >=1.0.20,<1.0.21.0a0
  - krb5 >=1.21.3,<1.22.0a0
  license: MPL-2.0
  license_family: MOZILLA
  size: 310648
  timestamp: 1757370847287
- conda: https://conda.anaconda.org/conda-forge/noarch/zipp-3.23.0-pyhd8ed1ab_0.conda
  sha256: 7560d21e1b021fd40b65bfb72f67945a3fcb83d78ad7ccf37b8b3165ec3b68ad
  md5: df5e78d904988eb55042c0c97446079f
  depends:
  - python >=3.9
  license: MIT
  license_family: MIT
  size: 22963
  timestamp: 1749421737203
